
Microsoft Visual Studio Solution File, Format Version 12.00
# Visual Studio Version 16
VisualStudioVersion = 16.0.30621.155
MinimumVisualStudioVersion = 10.0.40219.1
Project("{9A19103F-16F7-4668-BE54-9A1E7A4F7556}") = "ASPNETHomework", "ASPNETHomework\ASPNETHomework.csproj", "{4E230B1D-DBF2-43C9-B5C9-862DD62F9B32}"
EndProject
Project("{9A19103F-16F7-4668-BE54-9A1E7A4F7556}") = "ASPNETHomework.Models", "ASPNETHomework.Models\ASPNETHomework.Models.csproj", "{FE4E9C9A-53EC-458B-9A5F-EB7A46E4304A}"
EndProject
Project("{9A19103F-16F7-4668-BE54-9A1E7A4F7556}") = "ASPNETHomework.Services", "ASPNETHomework.Services\ASPNETHomework.Services.csproj", "{EA4ED6C5-64F8-46FD-A870-2044AF8DF361}"
EndProject
Project("{9A19103F-16F7-4668-BE54-9A1E7A4F7556}") = "ASPNETHomework.DAL", "ASPNETHomework.DAL\ASPNETHomework.DAL.csproj", "{62DE0828-13DC-4F58-ACE5-F78CBB62767D}"
EndProject
Project("{9A19103F-16F7-4668-BE54-9A1E7A4F7556}") = "ASPNETHomework.Repositories", "ASPNETHomework.Repositories\ASPNETHomework.Repositories.csproj", "{1F9A5335-6980-4291-ACCC-FC2D8A21A7F2}"
EndProject
Global
	GlobalSection(SolutionConfigurationPlatforms) = preSolution
		Debug|Any CPU = Debug|Any CPU
		Release|Any CPU = Release|Any CPU
	EndGlobalSection
	GlobalSection(ProjectConfigurationPlatforms) = postSolution
		{4E230B1D-DBF2-43C9-B5C9-862DD62F9B32}.Debug|Any CPU.ActiveCfg = Debug|Any CPU
		{4E230B1D-DBF2-43C9-B5C9-862DD62F9B32}.Debug|Any CPU.Build.0 = Debug|Any CPU
		{4E230B1D-DBF2-43C9-B5C9-862DD62F9B32}.Release|Any CPU.ActiveCfg = Release|Any CPU
		{4E230B1D-DBF2-43C9-B5C9-862DD62F9B32}.Release|Any CPU.Build.0 = Release|Any CPU
		{FE4E9C9A-53EC-458B-9A5F-EB7A46E4304A}.Debug|Any CPU.ActiveCfg = Debug|Any CPU
		{FE4E9C9A-53EC-458B-9A5F-EB7A46E4304A}.Debug|Any CPU.Build.0 = Debug|Any CPU
		{FE4E9C9A-53EC-458B-9A5F-EB7A46E4304A}.Release|Any CPU.ActiveCfg = Release|Any CPU
		{FE4E9C9A-53EC-458B-9A5F-EB7A46E4304A}.Release|Any CPU.Build.0 = Release|Any CPU
		{EA4ED6C5-64F8-46FD-A870-2044AF8DF361}.Debug|Any CPU.ActiveCfg = Debug|Any CPU
		{EA4ED6C5-64F8-46FD-A870-2044AF8DF361}.Debug|Any CPU.Build.0 = Debug|Any CPU
		{EA4ED6C5-64F8-46FD-A870-2044AF8DF361}.Release|Any CPU.ActiveCfg = Release|Any CPU
		{EA4ED6C5-64F8-46FD-A870-2044AF8DF361}.Release|Any CPU.Build.0 = Release|Any CPU
		{62DE0828-13DC-4F58-ACE5-F78CBB62767D}.Debug|Any CPU.ActiveCfg = Debug|Any CPU
		{62DE0828-13DC-4F58-ACE5-F78CBB62767D}.Debug|Any CPU.Build.0 = Debug|Any CPU
		{62DE0828-13DC-4F58-ACE5-F78CBB62767D}.Release|Any CPU.ActiveCfg = Release|Any CPU
		{62DE0828-13DC-4F58-ACE5-F78CBB62767D}.Release|Any CPU.Build.0 = Release|Any CPU
		{1F9A5335-6980-4291-ACCC-FC2D8A21A7F2}.Debug|Any CPU.ActiveCfg = Debug|Any CPU
		{1F9A5335-6980-4291-ACCC-FC2D8A21A7F2}.Debug|Any CPU.Build.0 = Debug|Any CPU
		{1F9A5335-6980-4291-ACCC-FC2D8A21A7F2}.Release|Any CPU.ActiveCfg = Release|Any CPU
		{1F9A5335-6980-4291-ACCC-FC2D8A21A7F2}.Release|Any CPU.Build.0 = Release|Any CPU
	EndGlobalSection
	GlobalSection(SolutionProperties) = preSolution
		HideSolutionNode = FALSE
	EndGlobalSection
	GlobalSection(ExtensibilityGlobals) = postSolution
		SolutionGuid = {B707F512-A89C-40B9-B6A1-C51CA967FF5D}
	EndGlobalSection
EndGlobal
